# This file was autogenerated by uv via the following command:
#    uv pip compile pyproject.toml --output-file uv.lock
grpcio==1.71.0
    # via
    #   timeforce-backend (pyproject.toml)
    #   grpcio-tools
grpcio-tools==1.62.1
    # via timeforce-backend (pyproject.toml)
iniconfig==2.0.0
    # via
    #   timeforce-backend (pyproject.toml)
    #   pytest
packaging==24.2
    # via
    #   timeforce-backend (pyproject.toml)
    #   pytest
pluggy==1.5.0
    # via
    #   timeforce-backend (pyproject.toml)
    #   pytest
protobuf==4.25.6
    # via grpcio-tools
pyqt5==5.15.11
    # via timeforce-backend (pyproject.toml)
pyqt5-qt5==5.15.16
    # via pyqt5
pyqt5-sip==12.17.0
    # via pyqt5
pytest==8.3.4
    # via timeforce-backend (pyproject.toml)
ruff==0.9.9
    # via timeforce-backend (pyproject.toml)
setuptools==76.1.0
    # via grpcio-tools
